Microsoft Visual Studio Solution File, Format Version 11.00
# Visual Studio 2010
Project("{FAE04EC0-301F-11D3-BF4B-00C04F79EFBC}") = "Assembly-CSharp", "Assembly-CSharp.csproj", "{7E2BE0AC-1914-3BE1-1C59-324ABD39E731}"
EndProject
Project("{FAE04EC0-301F-11D3-BF4B-00C04F79EFBC}") = "PhotonUnityNetworking.Demos", "PhotonUnityNetworking.Demos.csproj", "{513A0AA4-3F24-1500-0BCF-58D340D9AA95}"
EndProject
Project("{FAE04EC0-301F-11D3-BF4B-00C04F79EFBC}") = "PhotonUnityNetworking.Utilities", "PhotonUnityNetworking.Utilities.csproj", "{576CA821-EE7F-3A5E-9964-93DFC924B27C}"
EndProject
Project("{FAE04EC0-301F-11D3-BF4B-00C04F79EFBC}") = "PhotonChat", "PhotonChat.csproj", "{202DAA6D-0B23-091A-245F-781D1ED324C0}"
EndProject
Project("{FAE04EC0-301F-11D3-BF4B-00C04F79EFBC}") = "PhotonUnityNetworking", "PhotonUnityNetworking.csproj", "{D251E10B-7C0B-9092-AD93-91F54E6C53F7}"
EndProject
Project("{FAE04EC0-301F-11D3-BF4B-00C04F79EFBC}") = "PhotonRealtime", "PhotonRealtime.csproj", "{9CF75BC8-5A34-9E35-DEC9-7DC58ABA7EC6}"
EndProject
Project("{FAE04EC0-301F-11D3-BF4B-00C04F79EFBC}") = "PhotonWebSocket", "PhotonWebSocket.csproj", "{A3F1A5B8-4906-A642-EF4A-72F5F7471AAD}"
EndProject
Project("{FAE04EC0-301F-11D3-BF4B-00C04F79EFBC}") = "PhotonUnityNetworking.Editor", "PhotonUnityNetworking.Editor.csproj", "{B3A12CEB-4063-C7CD-F81B-6EF2508F332B}"
EndProject
Project("{FAE04EC0-301F-11D3-BF4B-00C04F79EFBC}") = "Assembly-CSharp-Editor", "Assembly-CSharp-Editor.csproj", "{415A28B5-6687-F045-374B-0355BAB83F44}"
EndProject
Project("{FAE04EC0-301F-11D3-BF4B-00C04F79EFBC}") = "PunDemos.DemoHubEditor", "PunDemos.DemoHubEditor.csproj", "{E6F7F0BF-2C07-B7D8-CEEB-0D90038CEBC2}"
EndProject
Project("{FAE04EC0-301F-11D3-BF4B-00C04F79EFBC}") = "PhotonUnityNetworking.Utilities.PhotonPlayer.Editor", "PhotonUnityNetworking.Utilities.PhotonPlayer.Editor.csproj", "{F0E997B8-8475-B84A-694C-1FF6A80AC2E1}"
EndProject
Project("{FAE04EC0-301F-11D3-BF4B-00C04F79EFBC}") = "PhotonUnityNetworking.Utilities.Culling.Editor", "PhotonUnityNetworking.Utilities.Culling.Editor.csproj", "{DE84D8E2-E28C-748C-CB0F-EC46D88B39E9}"
EndProject
Project("{FAE04EC0-301F-11D3-BF4B-00C04F79EFBC}") = "PunDemos.DemoSlotcarEditor", "PunDemos.DemoSlotcarEditor.csproj", "{28E04837-6914-A710-C82F-D02F34DD66F8}"
EndProject
Global
	GlobalSection(SolutionConfigurationPlatforms) = preSolution
		Debug|Any CPU = Debug|Any CPU
		Release|Any CPU = Release|Any CPU
	EndGlobalSection
	GlobalSection(ProjectConfigurationPlatforms) = postSolution
		{7E2BE0AC-1914-3BE1-1C59-324ABD39E731}.Debug|Any CPU.ActiveCfg = Debug|Any CPU
		{7E2BE0AC-1914-3BE1-1C59-324ABD39E731}.Debug|Any CPU.Build.0 = Debug|Any CPU
		{7E2BE0AC-1914-3BE1-1C59-324ABD39E731}.Release|Any CPU.ActiveCfg = Release|Any CPU
		{7E2BE0AC-1914-3BE1-1C59-324ABD39E731}.Release|Any CPU.Build.0 = Release|Any CPU
		{513A0AA4-3F24-1500-0BCF-58D340D9AA95}.Debug|Any CPU.ActiveCfg = Debug|Any CPU
		{513A0AA4-3F24-1500-0BCF-58D340D9AA95}.Debug|Any CPU.Build.0 = Debug|Any CPU
		{513A0AA4-3F24-1500-0BCF-58D340D9AA95}.Release|Any CPU.ActiveCfg = Release|Any CPU
		{513A0AA4-3F24-1500-0BCF-58D340D9AA95}.Release|Any CPU.Build.0 = Release|Any CPU
		{576CA821-EE7F-3A5E-9964-93DFC924B27C}.Debug|Any CPU.ActiveCfg = Debug|Any CPU
		{576CA821-EE7F-3A5E-9964-93DFC924B27C}.Debug|Any CPU.Build.0 = Debug|Any CPU
		{576CA821-EE7F-3A5E-9964-93DFC924B27C}.Release|Any CPU.ActiveCfg = Release|Any CPU
		{576CA821-EE7F-3A5E-9964-93DFC924B27C}.Release|Any CPU.Build.0 = Release|Any CPU
		{202DAA6D-0B23-091A-245F-781D1ED324C0}.Debug|Any CPU.ActiveCfg = Debug|Any CPU
		{202DAA6D-0B23-091A-245F-781D1ED324C0}.Debug|Any CPU.Build.0 = Debug|Any CPU
		{202DAA6D-0B23-091A-245F-781D1ED324C0}.Release|Any CPU.ActiveCfg = Release|Any CPU
		{202DAA6D-0B23-091A-245F-781D1ED324C0}.Release|Any CPU.Build.0 = Release|Any CPU
		{D251E10B-7C0B-9092-AD93-91F54E6C53F7}.Debug|Any CPU.ActiveCfg = Debug|Any CPU
		{D251E10B-7C0B-9092-AD93-91F54E6C53F7}.Debug|Any CPU.Build.0 = Debug|Any CPU
		{D251E10B-7C0B-9092-AD93-91F54E6C53F7}.Release|Any CPU.ActiveCfg = Release|Any CPU
		{D251E10B-7C0B-9092-AD93-91F54E6C53F7}.Release|Any CPU.Build.0 = Release|Any CPU
		{9CF75BC8-5A34-9E35-DEC9-7DC58ABA7EC6}.Debug|Any CPU.ActiveCfg = Debug|Any CPU
		{9CF75BC8-5A34-9E35-DEC9-7DC58ABA7EC6}.Debug|Any CPU.Build.0 = Debug|Any CPU
		{9CF75BC8-5A34-9E35-DEC9-7DC58ABA7EC6}.Release|Any CPU.ActiveCfg = Release|Any CPU
		{9CF75BC8-5A34-9E35-DEC9-7DC58ABA7EC6}.Release|Any CPU.Build.0 = Release|Any CPU
		{A3F1A5B8-4906-A642-EF4A-72F5F7471AAD}.Debug|Any CPU.ActiveCfg = Debug|Any CPU
		{A3F1A5B8-4906-A642-EF4A-72F5F7471AAD}.Debug|Any CPU.Build.0 = Debug|Any CPU
		{A3F1A5B8-4906-A642-EF4A-72F5F7471AAD}.Release|Any CPU.ActiveCfg = Release|Any CPU
		{A3F1A5B8-4906-A642-EF4A-72F5F7471AAD}.Release|Any CPU.Build.0 = Release|Any CPU
		{B3A12CEB-4063-C7CD-F81B-6EF2508F332B}.Debug|Any CPU.ActiveCfg = Debug|Any CPU
		{B3A12CEB-4063-C7CD-F81B-6EF2508F332B}.Debug|Any CPU.Build.0 = Debug|Any CPU
		{B3A12CEB-4063-C7CD-F81B-6EF2508F332B}.Release|Any CPU.ActiveCfg = Release|Any CPU
		{B3A12CEB-4063-C7CD-F81B-6EF2508F332B}.Release|Any CPU.Build.0 = Release|Any CPU
		{415A28B5-6687-F045-374B-0355BAB83F44}.Debug|Any CPU.ActiveCfg = Debug|Any CPU
		{415A28B5-6687-F045-374B-0355BAB83F44}.Debug|Any CPU.Build.0 = Debug|Any CPU
		{415A28B5-6687-F045-374B-0355BAB83F44}.Release|Any CPU.ActiveCfg = Release|Any CPU
		{415A28B5-6687-F045-374B-0355BAB83F44}.Release|Any CPU.Build.0 = Release|Any CPU
		{E6F7F0BF-2C07-B7D8-CEEB-0D90038CEBC2}.Debug|Any CPU.ActiveCfg = Debug|Any CPU
		{E6F7F0BF-2C07-B7D8-CEEB-0D90038CEBC2}.Debug|Any CPU.Build.0 = Debug|Any CPU
		{E6F7F0BF-2C07-B7D8-CEEB-0D90038CEBC2}.Release|Any CPU.ActiveCfg = Release|Any CPU
		{E6F7F0BF-2C07-B7D8-CEEB-0D90038CEBC2}.Release|Any CPU.Build.0 = Release|Any CPU
		{F0E997B8-8475-B84A-694C-1FF6A80AC2E1}.Debug|Any CPU.ActiveCfg = Debug|Any CPU
		{F0E997B8-8475-B84A-694C-1FF6A80AC2E1}.Debug|Any CPU.Build.0 = Debug|Any CPU
		{F0E997B8-8475-B84A-694C-1FF6A80AC2E1}.Release|Any CPU.ActiveCfg = Release|Any CPU
		{F0E997B8-8475-B84A-694C-1FF6A80AC2E1}.Release|Any CPU.Build.0 = Release|Any CPU
		{DE84D8E2-E28C-748C-CB0F-EC46D88B39E9}.Debug|Any CPU.ActiveCfg = Debug|Any CPU
		{DE84D8E2-E28C-748C-CB0F-EC46D88B39E9}.Debug|Any CPU.Build.0 = Debug|Any CPU
		{DE84D8E2-E28C-748C-CB0F-EC46D88B39E9}.Release|Any CPU.ActiveCfg = Release|Any CPU
		{DE84D8E2-E28C-748C-CB0F-EC46D88B39E9}.Release|Any CPU.Build.0 = Release|Any CPU
		{28E04837-6914-A710-C82F-D02F34DD66F8}.Debug|Any CPU.ActiveCfg = Debug|Any CPU
		{28E04837-6914-A710-C82F-D02F34DD66F8}.Debug|Any CPU.Build.0 = Debug|Any CPU
		{28E04837-6914-A710-C82F-D02F34DD66F8}.Release|Any CPU.ActiveCfg = Release|Any CPU
		{28E04837-6914-A710-C82F-D02F34DD66F8}.Release|Any CPU.Build.0 = Release|Any CPU
	EndGlobalSection
	GlobalSection(SolutionProperties) = preSolution
		HideSolutionNode = FALSE
	EndGlobalSection
	GlobalSection(MonoDevelopProperties) = preSolution
		StartupItem = Assembly-CSharp.csproj
	EndGlobalSection
EndGlobal
