
Microsoft Visual Studio Solution File, Format Version 11.00
# Visual Studio 2010
Project("{FAE04EC0-301F-11D3-BF4B-00C04F79EFBC}") = "Assembly-CSharp", "Assembly-CSharp.csproj", "{F0304CBB-08D1-7F60-1D86-A0EED0EFBD4E}"
EndProject
Project("{FAE04EC0-301F-11D3-BF4B-00C04F79EFBC}") = "Assembly-CSharp-firstpass", "Assembly-CSharp-firstpass.csproj", "{8721C36E-40F3-A5DF-1A3B-BE656F7AD165}"
EndProject
Global
	GlobalSection(SolutionConfigurationPlatforms) = preSolution
		Debug|Any CPU = Debug|Any CPU
		Release|Any CPU = Release|Any CPU
	EndGlobalSection
	GlobalSection(ProjectConfigurationPlatforms) = postSolution
		{F0304CBB-08D1-7F60-1D86-A0EED0EFBD4E}.Debug|Any CPU.ActiveCfg = Debug|Any CPU
		{F0304CBB-08D1-7F60-1D86-A0EED0EFBD4E}.Debug|Any CPU.Build.0 = Debug|Any CPU
		{F0304CBB-08D1-7F60-1D86-A0EED0EFBD4E}.Release|Any CPU.ActiveCfg = Release|Any CPU
		{F0304CBB-08D1-7F60-1D86-A0EED0EFBD4E}.Release|Any CPU.Build.0 = Release|Any CPU
		{8721C36E-40F3-A5DF-1A3B-BE656F7AD165}.Debug|Any CPU.ActiveCfg = Debug|Any CPU
		{8721C36E-40F3-A5DF-1A3B-BE656F7AD165}.Debug|Any CPU.Build.0 = Debug|Any CPU
		{8721C36E-40F3-A5DF-1A3B-BE656F7AD165}.Release|Any CPU.ActiveCfg = Release|Any CPU
		{8721C36E-40F3-A5DF-1A3B-BE656F7AD165}.Release|Any CPU.Build.0 = Release|Any CPU
	EndGlobalSection
	GlobalSection(SolutionProperties) = preSolution
		HideSolutionNode = FALSE
	EndGlobalSection
	GlobalSection(MonoDevelopProperties) = preSolution
		StartupItem = Assembly-CSharp.csproj
	EndGlobalSection
EndGlobal
